
Microsoft Visual Studio Solution File, Format Version 12.00
# Visual Studio Version 17
VisualStudioVersion = 17.12.35514.174
MinimumVisualStudioVersion = 10.0.40219.1
Project("{FAE04EC0-301F-11D3-BF4B-00C04F79EFBC}") = "AreaCirculoAppMvvm", "AreaCirculoAppMvvm\AreaCirculoAppMvvm.csproj", "{C291EAC5-ECA1-4F37-94FC-504DEB05A5FB}"
EndProject
Global
	GlobalSection(SolutionConfigurationPlatforms) = preSolution
		Debug|Any CPU = Debug|Any CPU
		Release|Any CPU = Release|Any CPU
	EndGlobalSection
	GlobalSection(ProjectConfigurationPlatforms) = postSolution
		{C291EAC5-ECA1-4F37-94FC-504DEB05A5FB}.Debug|Any CPU.ActiveCfg = Debug|Any CPU
		{C291EAC5-ECA1-4F37-94FC-504DEB05A5FB}.Debug|Any CPU.Build.0 = Debug|Any CPU
		{C291EAC5-ECA1-4F37-94FC-504DEB05A5FB}.Debug|Any CPU.Deploy.0 = Debug|Any CPU
		{C291EAC5-ECA1-4F37-94FC-504DEB05A5FB}.Release|Any CPU.ActiveCfg = Release|Any CPU
		{C291EAC5-ECA1-4F37-94FC-504DEB05A5FB}.Release|Any CPU.Build.0 = Release|Any CPU
	EndGlobalSection
	GlobalSection(SolutionProperties) = preSolution
		HideSolutionNode = FALSE
	EndGlobalSection
EndGlobal
